// !$*UTF8*$!
{
	archiveVersion = 1;
	classes = {
	};
	objectVersion = 51;
	objects = {

/* Begin PBXBuildFile section */
		8CD6306739BCE06EE0EBBADE /* Pods_Bcode.framework in Frameworks */ = {isa = PBXBuildFile; fileRef = 65AC42CB3D5676259433B17C /* Pods_Bcode.framework */; };
		F50A12EA246736E100BFF21B /* BarcodeDetailsViewController.swift in Sources */ = {isa = PBXBuildFile; fileRef = F50A12E8246736E100BFF21B /* BarcodeDetailsViewController.swift */; };
		F51E895F24672F5300960533 /* Main.storyboard in Resources */ = {isa = PBXBuildFile; fileRef = F51E895E24672F5300960533 /* Main.storyboard */; };
		F5296DDE248016960017B95B /* BarcodeContentType.swift in Sources */ = {isa = PBXBuildFile; fileRef = F5296DDD248016960017B95B /* BarcodeContentType.swift */; };
		F5296DE024802A4D0017B95B /* Colors.xcassets in Resources */ = {isa = PBXBuildFile; fileRef = F5296DDF24802A4D0017B95B /* Colors.xcassets */; };
		F537966E23E2001900CD57C6 /* AppDelegate.swift in Sources */ = {isa = PBXBuildFile; fileRef = F537966D23E2001900CD57C6 /* AppDelegate.swift */; };
		F537967023E2001900CD57C6 /* SceneDelegate.swift in Sources */ = {isa = PBXBuildFile; fileRef = F537966F23E2001900CD57C6 /* SceneDelegate.swift */; };
		F537967223E2001900CD57C6 /* ScanningViewController.swift in Sources */ = {isa = PBXBuildFile; fileRef = F537967123E2001900CD57C6 /* ScanningViewController.swift */; };
		F537967523E2001900CD57C6 /* Scanning.storyboard in Resources */ = {isa = PBXBuildFile; fileRef = F537967323E2001900CD57C6 /* Scanning.storyboard */; };
		F537967723E2001A00CD57C6 /* Assets.xcassets in Resources */ = {isa = PBXBuildFile; fileRef = F537967623E2001A00CD57C6 /* Assets.xcassets */; };
		F537967A23E2001A00CD57C6 /* LaunchScreen.storyboard in Resources */ = {isa = PBXBuildFile; fileRef = F537967823E2001A00CD57C6 /* LaunchScreen.storyboard */; };
		F537968323E203E400CD57C6 /* BarcodeScanner.swift in Sources */ = {isa = PBXBuildFile; fileRef = F537968223E203E400CD57C6 /* BarcodeScanner.swift */; };
		F541E4E4247D78C60005806F /* RoundedButton.swift in Sources */ = {isa = PBXBuildFile; fileRef = F541E4E3247D78C60005806F /* RoundedButton.swift */; };
		F541E4E7247D79E80005806F /* UIViewExtensions.swift in Sources */ = {isa = PBXBuildFile; fileRef = F541E4E6247D79E80005806F /* UIViewExtensions.swift */; };
		F541E4E9247DA3730005806F /* GoogleService-Info.plist in Resources */ = {isa = PBXBuildFile; fileRef = F541E4E8247DA3730005806F /* GoogleService-Info.plist */; };
		F54270A6247E9E15004D0142 /* DesignableControls.swift in Sources */ = {isa = PBXBuildFile; fileRef = F54270A5247E9E15004D0142 /* DesignableControls.swift */; };
		F5429C2C248118F2000A185D /* BarcodeActions.swift in Sources */ = {isa = PBXBuildFile; fileRef = F5429C2B248118F2000A185D /* BarcodeActions.swift */; };
		F544A5D1247F06A800B8562A /* HistoryCell.swift in Sources */ = {isa = PBXBuildFile; fileRef = F544A5CF247F06A800B8562A /* HistoryCell.swift */; };
		F544A5D2247F06A800B8562A /* HistoryCell.xib in Resources */ = {isa = PBXBuildFile; fileRef = F544A5D0247F06A800B8562A /* HistoryCell.xib */; };
		F544A5D7247F06E100B8562A /* FavoriteCell.swift in Sources */ = {isa = PBXBuildFile; fileRef = F544A5D5247F06E100B8562A /* FavoriteCell.swift */; };
		F544A5D8247F06E100B8562A /* FavoriteCell.xib in Resources */ = {isa = PBXBuildFile; fileRef = F544A5D6247F06E100B8562A /* FavoriteCell.xib */; };
		F544A5DA247F093000B8562A /* HistoryViewController.swift in Sources */ = {isa = PBXBuildFile; fileRef = F544A5D9247F093000B8562A /* HistoryViewController.swift */; };
		F544A5DD247F0C2D00B8562A /* BarcodeInfo.swift in Sources */ = {isa = PBXBuildFile; fileRef = F544A5DC247F0C2D00B8562A /* BarcodeInfo.swift */; };
		F544A5DF247F14A000B8562A /* FavoritesViewController.swift in Sources */ = {isa = PBXBuildFile; fileRef = F544A5DE247F14A000B8562A /* FavoritesViewController.swift */; };
		F555A45D244F944100D79C5D /* ScannerCamera.swift in Sources */ = {isa = PBXBuildFile; fileRef = F555A45C244F944100D79C5D /* ScannerCamera.swift */; };
		F555A45F244F964300D79C5D /* BarcodeScannerDelegate.swift in Sources */ = {isa = PBXBuildFile; fileRef = F555A45E244F964300D79C5D /* BarcodeScannerDelegate.swift */; };
		F555A46D244FB21900D79C5D /* ShortcutItemHandler.swift in Sources */ = {isa = PBXBuildFile; fileRef = F555A46C244FB21900D79C5D /* ShortcutItemHandler.swift */; };
		F5A6E6752480612700F282CF /* UISegmentedControlExtensions.swift in Sources */ = {isa = PBXBuildFile; fileRef = F5A6E6742480612700F282CF /* UISegmentedControlExtensions.swift */; };
		F5F62D982473308F008042DF /* History.storyboard in Resources */ = {isa = PBXBuildFile; fileRef = F5F62D972473308F008042DF /* History.storyboard */; };
		F5F62D9A247330D8008042DF /* Favorites.storyboard in Resources */ = {isa = PBXBuildFile; fileRef = F5F62D99247330D8008042DF /* Favorites.storyboard */; };
		F5F62D9D2473312B008042DF /* Settings.storyboard in Resources */ = {isa = PBXBuildFile; fileRef = F5F62D9C2473312B008042DF /* Settings.storyboard */; };
/* End PBXBuildFile section */

/* Begin PBXFileReference section */
		46E766EB73C3441587DF5012 /* Pods-Bcode.debug.xcconfig */ = {isa = PBXFileReference; includeInIndex = 1; lastKnownFileType = text.xcconfig; name = "Pods-Bcode.debug.xcconfig"; path = "Target Support Files/Pods-Bcode/Pods-Bcode.debug.xcconfig"; sourceTree = "<group>"; };
		65AC42CB3D5676259433B17C /* Pods_Bcode.framework */ = {isa = PBXFileReference; explicitFileType = wrapper.framework; includeInIndex = 0; path = Pods_Bcode.framework; sourceTree = BUILT_PRODUCTS_DIR; };
		6C1B7217466F4233CC17F8B5 /* Pods-Bcode.release.xcconfig */ = {isa = PBXFileReference; includeInIndex = 1; lastKnownFileType = text.xcconfig; name = "Pods-Bcode.release.xcconfig"; path = "Target Support Files/Pods-Bcode/Pods-Bcode.release.xcconfig"; sourceTree = "<group>"; };
		F50A12E8246736E100BFF21B /* BarcodeDetailsViewController.swift */ = {isa = PBXFileReference; lastKnownFileType = sourcecode.swift; path = BarcodeDetailsViewController.swift; sourceTree = "<group>"; };
		F51E895E24672F5300960533 /* Main.storyboard */ = {isa = PBXFileReference; lastKnownFileType = file.storyboard; path = Main.storyboard; sourceTree = "<group>"; };
		F5296DDD248016960017B95B /* BarcodeContentType.swift */ = {isa = PBXFileReference; lastKnownFileType = sourcecode.swift; path = BarcodeContentType.swift; sourceTree = "<group>"; };
		F5296DDF24802A4D0017B95B /* Colors.xcassets */ = {isa = PBXFileReference; lastKnownFileType = folder.assetcatalog; path = Colors.xcassets; sourceTree = "<group>"; };
		F537966A23E2001900CD57C6 /* Bcode.app */ = {isa = PBXFileReference; explicitFileType = wrapper.application; includeInIndex = 0; path = Bcode.app; sourceTree = BUILT_PRODUCTS_DIR; };
		F537966D23E2001900CD57C6 /* AppDelegate.swift */ = {isa = PBXFileReference; lastKnownFileType = sourcecode.swift; path = AppDelegate.swift; sourceTree = "<group>"; };
		F537966F23E2001900CD57C6 /* SceneDelegate.swift */ = {isa = PBXFileReference; lastKnownFileType = sourcecode.swift; path = SceneDelegate.swift; sourceTree = "<group>"; };
		F537967123E2001900CD57C6 /* ScanningViewController.swift */ = {isa = PBXFileReference; lastKnownFileType = sourcecode.swift; path = ScanningViewController.swift; sourceTree = "<group>"; };
		F537967423E2001900CD57C6 /* Base */ = {isa = PBXFileReference; lastKnownFileType = file.storyboard; name = Base; path = Base.lproj/Scanning.storyboard; sourceTree = "<group>"; };
		F537967623E2001A00CD57C6 /* Assets.xcassets */ = {isa = PBXFileReference; lastKnownFileType = folder.assetcatalog; path = Assets.xcassets; sourceTree = "<group>"; };
		F537967923E2001A00CD57C6 /* Base */ = {isa = PBXFileReference; lastKnownFileType = file.storyboard; name = Base; path = Base.lproj/LaunchScreen.storyboard; sourceTree = "<group>"; };
		F537967B23E2001A00CD57C6 /* Info.plist */ = {isa = PBXFileReference; lastKnownFileType = text.plist.xml; path = Info.plist; sourceTree = "<group>"; };
		F537968223E203E400CD57C6 /* BarcodeScanner.swift */ = {isa = PBXFileReference; lastKnownFileType = sourcecode.swift; path = BarcodeScanner.swift; sourceTree = "<group>"; };
		F541E4E3247D78C60005806F /* RoundedButton.swift */ = {isa = PBXFileReference; lastKnownFileType = sourcecode.swift; path = RoundedButton.swift; sourceTree = "<group>"; };
		F541E4E6247D79E80005806F /* UIViewExtensions.swift */ = {isa = PBXFileReference; lastKnownFileType = sourcecode.swift; path = UIViewExtensions.swift; sourceTree = "<group>"; };
		F541E4E8247DA3730005806F /* GoogleService-Info.plist */ = {isa = PBXFileReference; fileEncoding = 4; lastKnownFileType = text.plist.xml; path = "GoogleService-Info.plist"; sourceTree = "<group>"; };
		F54270A5247E9E15004D0142 /* DesignableControls.swift */ = {isa = PBXFileReference; lastKnownFileType = sourcecode.swift; path = DesignableControls.swift; sourceTree = "<group>"; };
		F5429C2B248118F2000A185D /* BarcodeActions.swift */ = {isa = PBXFileReference; lastKnownFileType = sourcecode.swift; path = BarcodeActions.swift; sourceTree = "<group>"; };
		F544A5CF247F06A800B8562A /* HistoryCell.swift */ = {isa = PBXFileReference; lastKnownFileType = sourcecode.swift; path = HistoryCell.swift; sourceTree = "<group>"; };
		F544A5D0247F06A800B8562A /* HistoryCell.xib */ = {isa = PBXFileReference; lastKnownFileType = file.xib; path = HistoryCell.xib; sourceTree = "<group>"; };
		F544A5D5247F06E100B8562A /* FavoriteCell.swift */ = {isa = PBXFileReference; lastKnownFileType = sourcecode.swift; path = FavoriteCell.swift; sourceTree = "<group>"; };
		F544A5D6247F06E100B8562A /* FavoriteCell.xib */ = {isa = PBXFileReference; lastKnownFileType = file.xib; path = FavoriteCell.xib; sourceTree = "<group>"; };
		F544A5D9247F093000B8562A /* HistoryViewController.swift */ = {isa = PBXFileReference; lastKnownFileType = sourcecode.swift; path = HistoryViewController.swift; sourceTree = "<group>"; };
		F544A5DC247F0C2D00B8562A /* BarcodeInfo.swift */ = {isa = PBXFileReference; lastKnownFileType = sourcecode.swift; path = BarcodeInfo.swift; sourceTree = "<group>"; };
		F544A5DE247F14A000B8562A /* FavoritesViewController.swift */ = {isa = PBXFileReference; lastKnownFileType = sourcecode.swift; path = FavoritesViewController.swift; sourceTree = "<group>"; };
		F555A45C244F944100D79C5D /* ScannerCamera.swift */ = {isa = PBXFileReference; lastKnownFileType = sourcecode.swift; path = ScannerCamera.swift; sourceTree = "<group>"; };
		F555A45E244F964300D79C5D /* BarcodeScannerDelegate.swift */ = {isa = PBXFileReference; lastKnownFileType = sourcecode.swift; path = BarcodeScannerDelegate.swift; sourceTree = "<group>"; };
		F555A46C244FB21900D79C5D /* ShortcutItemHandler.swift */ = {isa = PBXFileReference; lastKnownFileType = sourcecode.swift; path = ShortcutItemHandler.swift; sourceTree = "<group>"; };
		F5A6E6742480612700F282CF /* UISegmentedControlExtensions.swift */ = {isa = PBXFileReference; lastKnownFileType = sourcecode.swift; path = UISegmentedControlExtensions.swift; sourceTree = "<group>"; };
		F5F62D972473308F008042DF /* History.storyboard */ = {isa = PBXFileReference; lastKnownFileType = file.storyboard; path = History.storyboard; sourceTree = "<group>"; };
		F5F62D99247330D8008042DF /* Favorites.storyboard */ = {isa = PBXFileReference; lastKnownFileType = file.storyboard; path = Favorites.storyboard; sourceTree = "<group>"; };
		F5F62D9C2473312B008042DF /* Settings.storyboard */ = {isa = PBXFileReference; lastKnownFileType = file.storyboard; path = Settings.storyboard; sourceTree = "<group>"; };
/* End PBXFileReference section */

/* Begin PBXFrameworksBuildPhase section */
		F537966723E2001900CD57C6 /* Frameworks */ = {
			isa = PBXFrameworksBuildPhase;
			buildActionMask = 2147483647;
			files = (
				8CD6306739BCE06EE0EBBADE /* Pods_Bcode.framework in Frameworks */,
			);
			runOnlyForDeploymentPostprocessing = 0;
		};
/* End PBXFrameworksBuildPhase section */

/* Begin PBXGroup section */
		9318551347E59CC718824730 /* Pods */ = {
			isa = PBXGroup;
			children = (
				46E766EB73C3441587DF5012 /* Pods-Bcode.debug.xcconfig */,
				6C1B7217466F4233CC17F8B5 /* Pods-Bcode.release.xcconfig */,
			);
			path = Pods;
			sourceTree = "<group>";
		};
		97C1C4EE5551E926879EC973 /* Frameworks */ = {
			isa = PBXGroup;
			children = (
				65AC42CB3D5676259433B17C /* Pods_Bcode.framework */,
			);
			name = Frameworks;
			sourceTree = "<group>";
		};
		F51E895D24672F3A00960533 /* Main */ = {
			isa = PBXGroup;
			children = (
				F51E895E24672F5300960533 /* Main.storyboard */,
			);
			path = Main;
			sourceTree = "<group>";
		};
		F537966123E2001900CD57C6 = {
			isa = PBXGroup;
			children = (
				F537966C23E2001900CD57C6 /* Bcode */,
				F537966B23E2001900CD57C6 /* Products */,
				9318551347E59CC718824730 /* Pods */,
				97C1C4EE5551E926879EC973 /* Frameworks */,
			);
			sourceTree = "<group>";
		};
		F537966B23E2001900CD57C6 /* Products */ = {
			isa = PBXGroup;
			children = (
				F537966A23E2001900CD57C6 /* Bcode.app */,
			);
			name = Products;
			sourceTree = "<group>";
		};
		F537966C23E2001900CD57C6 /* Bcode */ = {
			isa = PBXGroup;
			children = (
				F555A464244FAE8400D79C5D /* Modules */,
				F544A5DB247F0C1100B8562A /* Models */,
				F541E4E1247D77ED0005806F /* CustomControls */,
				F555A46A244FB20500D79C5D /* Helpers */,
				F537966D23E2001900CD57C6 /* AppDelegate.swift */,
				F537966F23E2001900CD57C6 /* SceneDelegate.swift */,
				F537967623E2001A00CD57C6 /* Assets.xcassets */,
				F5296DDF24802A4D0017B95B /* Colors.xcassets */,
				F537967823E2001A00CD57C6 /* LaunchScreen.storyboard */,
				F537967B23E2001A00CD57C6 /* Info.plist */,
				F541E4E8247DA3730005806F /* GoogleService-Info.plist */,
			);
			path = Bcode;
			sourceTree = "<group>";
		};
		F541E4E1247D77ED0005806F /* CustomControls */ = {
			isa = PBXGroup;
			children = (
				F555A45B244F942600D79C5D /* BarcodeScannerControl */,
				F541E4E2247D78AD0005806F /* RoundedButton */,
			);
			path = CustomControls;
			sourceTree = "<group>";
		};
		F541E4E2247D78AD0005806F /* RoundedButton */ = {
			isa = PBXGroup;
			children = (
				F541E4E3247D78C60005806F /* RoundedButton.swift */,
			);
			path = RoundedButton;
			sourceTree = "<group>";
		};
		F541E4E5247D79BF0005806F /* Extensions */ = {
			isa = PBXGroup;
			children = (
				F54270A5247E9E15004D0142 /* DesignableControls.swift */,
				F541E4E6247D79E80005806F /* UIViewExtensions.swift */,
				F5A6E6742480612700F282CF /* UISegmentedControlExtensions.swift */,
			);
			path = Extensions;
			sourceTree = "<group>";
		};
		F544A5D3247F06B100B8562A /* HistoryCell */ = {
			isa = PBXGroup;
			children = (
				F544A5D0247F06A800B8562A /* HistoryCell.xib */,
				F544A5CF247F06A800B8562A /* HistoryCell.swift */,
			);
			path = HistoryCell;
			sourceTree = "<group>";
		};
		F544A5D4247F06C100B8562A /* FavoriteCell */ = {
			isa = PBXGroup;
			children = (
				F544A5D6247F06E100B8562A /* FavoriteCell.xib */,
				F544A5D5247F06E100B8562A /* FavoriteCell.swift */,
			);
			path = FavoriteCell;
			sourceTree = "<group>";
		};
		F544A5DB247F0C1100B8562A /* Models */ = {
			isa = PBXGroup;
			children = (
				F544A5DC247F0C2D00B8562A /* BarcodeInfo.swift */,
				F5296DDD248016960017B95B /* BarcodeContentType.swift */,
			);
			path = Models;
			sourceTree = "<group>";
		};
		F555A45B244F942600D79C5D /* BarcodeScannerControl */ = {
			isa = PBXGroup;
			children = (
				F537968223E203E400CD57C6 /* BarcodeScanner.swift */,
				F555A45C244F944100D79C5D /* ScannerCamera.swift */,
				F555A45E244F964300D79C5D /* BarcodeScannerDelegate.swift */,
			);
			path = BarcodeScannerControl;
			sourceTree = "<group>";
		};
		F555A464244FAE8400D79C5D /* Modules */ = {
			isa = PBXGroup;
			children = (
				F51E895D24672F3A00960533 /* Main */,
				F555A465244FAE8C00D79C5D /* Scanning */,
				F5F62D962473303A008042DF /* Favorites */,
				F5F62D9524733011008042DF /* History */,
				F5F62D9B24733116008042DF /* Settings */,
			);
			path = Modules;
			sourceTree = "<group>";
		};
		F555A465244FAE8C00D79C5D /* Scanning */ = {
			isa = PBXGroup;
			children = (
				F537967323E2001900CD57C6 /* Scanning.storyboard */,
				F537967123E2001900CD57C6 /* ScanningViewController.swift */,
				F50A12E8246736E100BFF21B /* BarcodeDetailsViewController.swift */,
			);
			path = Scanning;
			sourceTree = "<group>";
		};
		F555A46A244FB20500D79C5D /* Helpers */ = {
			isa = PBXGroup;
			children = (
				F541E4E5247D79BF0005806F /* Extensions */,
				F555A46B244FB20E00D79C5D /* Utilities */,
			);
			path = Helpers;
			sourceTree = "<group>";
		};
		F555A46B244FB20E00D79C5D /* Utilities */ = {
			isa = PBXGroup;
			children = (
				F555A46C244FB21900D79C5D /* ShortcutItemHandler.swift */,
				F5429C2B248118F2000A185D /* BarcodeActions.swift */,
			);
			path = Utilities;
			sourceTree = "<group>";
		};
		F5F62D9524733011008042DF /* History */ = {
			isa = PBXGroup;
			children = (
				F5F62D972473308F008042DF /* History.storyboard */,
				F544A5D9247F093000B8562A /* HistoryViewController.swift */,
				F544A5D3247F06B100B8562A /* HistoryCell */,
			);
			path = History;
			sourceTree = "<group>";
		};
		F5F62D962473303A008042DF /* Favorites */ = {
			isa = PBXGroup;
			children = (
				F5F62D99247330D8008042DF /* Favorites.storyboard */,
				F544A5DE247F14A000B8562A /* FavoritesViewController.swift */,
				F544A5D4247F06C100B8562A /* FavoriteCell */,
			);
			path = Favorites;
			sourceTree = "<group>";
		};
		F5F62D9B24733116008042DF /* Settings */ = {
			isa = PBXGroup;
			children = (
				F5F62D9C2473312B008042DF /* Settings.storyboard */,
			);
			path = Settings;
			sourceTree = "<group>";
		};
/* End PBXGroup section */

/* Begin PBXNativeTarget section */
		F537966923E2001900CD57C6 /* Bcode */ = {
			isa = PBXNativeTarget;
			buildConfigurationList = F537967E23E2001A00CD57C6 /* Build configuration list for PBXNativeTarget "Bcode" */;
			buildPhases = (
				EA1543CE1010654F1783B549 /* [CP] Check Pods Manifest.lock */,
				F537966623E2001900CD57C6 /* Sources */,
				F537966723E2001900CD57C6 /* Frameworks */,
				F537966823E2001900CD57C6 /* Resources */,
				B4DEDA90831DF4BD599D3335 /* [CP] Embed Pods Frameworks */,
			);
			buildRules = (
			);
			dependencies = (
			);
			name = Bcode;
			productName = QRScannerDemo;
			productReference = F537966A23E2001900CD57C6 /* Bcode.app */;
			productType = "com.apple.product-type.application";
		};
/* End PBXNativeTarget section */

/* Begin PBXProject section */
		F537966223E2001900CD57C6 /* Project object */ = {
			isa = PBXProject;
			attributes = {
				LastSwiftUpdateCheck = 1120;
				LastUpgradeCheck = 1120;
				ORGANIZATIONNAME = "Ahmed Abdelkarim";
				TargetAttributes = {
					F537966923E2001900CD57C6 = {
						CreatedOnToolsVersion = 11.2.1;
					};
				};
			};
			buildConfigurationList = F537966523E2001900CD57C6 /* Build configuration list for PBXProject "Bcode" */;
			compatibilityVersion = "Xcode 9.3";
			developmentRegion = en;
			hasScannedForEncodings = 0;
			knownRegions = (
				en,
				Base,
			);
			mainGroup = F537966123E2001900CD57C6;
			productRefGroup = F537966B23E2001900CD57C6 /* Products */;
			projectDirPath = "";
			projectRoot = "";
			targets = (
				F537966923E2001900CD57C6 /* Bcode */,
			);
		};
/* End PBXProject section */

/* Begin PBXResourcesBuildPhase section */
		F537966823E2001900CD57C6 /* Resources */ = {
			isa = PBXResourcesBuildPhase;
			buildActionMask = 2147483647;
			files = (
				F51E895F24672F5300960533 /* Main.storyboard in Resources */,
				F544A5D2247F06A800B8562A /* HistoryCell.xib in Resources */,
				F5296DE024802A4D0017B95B /* Colors.xcassets in Resources */,
				F537967A23E2001A00CD57C6 /* LaunchScreen.storyboard in Resources */,
				F541E4E9247DA3730005806F /* GoogleService-Info.plist in Resources */,
				F537967723E2001A00CD57C6 /* Assets.xcassets in Resources */,
				F5F62D9D2473312B008042DF /* Settings.storyboard in Resources */,
				F537967523E2001900CD57C6 /* Scanning.storyboard in Resources */,
				F5F62D9A247330D8008042DF /* Favorites.storyboard in Resources */,
				F5F62D982473308F008042DF /* History.storyboard in Resources */,
				F544A5D8247F06E100B8562A /* FavoriteCell.xib in Resources */,
			);
			runOnlyForDeploymentPostprocessing = 0;
		};
/* End PBXResourcesBuildPhase section */

/* Begin PBXShellScriptBuildPhase section */
		B4DEDA90831DF4BD599D3335 /* [CP] Embed Pods Frameworks */ = {
			isa = PBXShellScriptBuildPhase;
			buildActionMask = 2147483647;
			files = (
			);
			inputFileListPaths = (
				"${PODS_ROOT}/Target Support Files/Pods-Bcode/Pods-Bcode-frameworks-${CONFIGURATION}-input-files.xcfilelist",
			);
			name = "[CP] Embed Pods Frameworks";
			outputFileListPaths = (
				"${PODS_ROOT}/Target Support Files/Pods-Bcode/Pods-Bcode-frameworks-${CONFIGURATION}-output-files.xcfilelist",
			);
			runOnlyForDeploymentPostprocessing = 0;
			shellPath = /bin/sh;
			shellScript = "\"${PODS_ROOT}/Target Support Files/Pods-Bcode/Pods-Bcode-frameworks.sh\"\n";
			showEnvVarsInLog = 0;
		};
		EA1543CE1010654F1783B549 /* [CP] Check Pods Manifest.lock */ = {
			isa = PBXShellScriptBuildPhase;
			buildActionMask = 2147483647;
			files = (
			);
			inputFileListPaths = (
			);
			inputPaths = (
				"${PODS_PODFILE_DIR_PATH}/Podfile.lock",
				"${PODS_ROOT}/Manifest.lock",
			);
			name = "[CP] Check Pods Manifest.lock";
			outputFileListPaths = (
			);
			outputPaths = (
				"$(DERIVED_FILE_DIR)/Pods-Bcode-checkManifestLockResult.txt",
			);
			runOnlyForDeploymentPostprocessing = 0;
			shellPath = /bin/sh;
			shellScript = "diff \"${PODS_PODFILE_DIR_PATH}/Podfile.lock\" \"${PODS_ROOT}/Manifest.lock\" > /dev/null\nif [ $? != 0 ] ; then\n    # print error to STDERR\n    echo \"error: The sandbox is not in sync with the Podfile.lock. Run 'pod install' or update your CocoaPods installation.\" >&2\n    exit 1\nfi\n# This output is used by Xcode 'outputs' to avoid re-running this script phase.\necho \"SUCCESS\" > \"${SCRIPT_OUTPUT_FILE_0}\"\n";
			showEnvVarsInLog = 0;
		};
/* End PBXShellScriptBuildPhase section */

/* Begin PBXSourcesBuildPhase section */
		F537966623E2001900CD57C6 /* Sources */ = {
			isa = PBXSourcesBuildPhase;
			buildActionMask = 2147483647;
			files = (
				F544A5D7247F06E100B8562A /* FavoriteCell.swift in Sources */,
				F537967223E2001900CD57C6 /* ScanningViewController.swift in Sources */,
				F5296DDE248016960017B95B /* BarcodeContentType.swift in Sources */,
				F537966E23E2001900CD57C6 /* AppDelegate.swift in Sources */,
				F555A45D244F944100D79C5D /* ScannerCamera.swift in Sources */,
				F544A5DD247F0C2D00B8562A /* BarcodeInfo.swift in Sources */,
				F537968323E203E400CD57C6 /* BarcodeScanner.swift in Sources */,
				F544A5DA247F093000B8562A /* HistoryViewController.swift in Sources */,
				F541E4E4247D78C60005806F /* RoundedButton.swift in Sources */,
				F50A12EA246736E100BFF21B /* BarcodeDetailsViewController.swift in Sources */,
				F544A5D1247F06A800B8562A /* HistoryCell.swift in Sources */,
				F544A5DF247F14A000B8562A /* FavoritesViewController.swift in Sources */,
				F541E4E7247D79E80005806F /* UIViewExtensions.swift in Sources */,
				F555A46D244FB21900D79C5D /* ShortcutItemHandler.swift in Sources */,
				F5A6E6752480612700F282CF /* UISegmentedControlExtensions.swift in Sources */,
				F54270A6247E9E15004D0142 /* DesignableControls.swift in Sources */,
				F555A45F244F964300D79C5D /* BarcodeScannerDelegate.swift in Sources */,
				F537967023E2001900CD57C6 /* SceneDelegate.swift in Sources */,
				F5429C2C248118F2000A185D /* BarcodeActions.swift in Sources */,
			);
			runOnlyForDeploymentPostprocessing = 0;
		};
/* End PBXSourcesBuildPhase section */

/* Begin PBXVariantGroup section */
		F537967323E2001900CD57C6 /* Scanning.storyboard */ = {
			isa = PBXVariantGroup;
			children = (
				F537967423E2001900CD57C6 /* Base */,
			);
			name = Scanning.storyboard;
			sourceTree = "<group>";
		};
		F537967823E2001A00CD57C6 /* LaunchScreen.storyboard */ = {
			isa = PBXVariantGroup;
			children = (
				F537967923E2001A00CD57C6 /* Base */,
			);
			name = LaunchScreen.storyboard;
			sourceTree = "<group>";
		};
/* End PBXVariantGroup section */

/* Begin XCBuildConfiguration section */
		F537967C23E2001A00CD57C6 /* Debug */ = {
			isa = XCBuildConfiguration;
			buildSettings = {
				ALWAYS_SEARCH_USER_PATHS = NO;
				CLANG_ANALYZER_NONNULL = YES;
				CLANG_ANALYZER_NUMBER_OBJECT_CONVERSION = YES_AGGRESSIVE;
				CLANG_CXX_LANGUAGE_STANDARD = "gnu++14";
				CLANG_CXX_LIBRARY = "libc++";
				CLANG_ENABLE_MODULES = YES;
				CLANG_ENABLE_OBJC_ARC = YES;
				CLANG_ENABLE_OBJC_WEAK = YES;
				CLANG_WARN_BLOCK_CAPTURE_AUTORELEASING = YES;
				CLANG_WARN_BOOL_CONVERSION = YES;
				CLANG_WARN_COMMA = YES;
				CLANG_WARN_CONSTANT_CONVERSION = YES;
				CLANG_WARN_DEPRECATED_OBJC_IMPLEMENTATIONS = YES;
				CLANG_WARN_DIRECT_OBJC_ISA_USAGE = YES_ERROR;
				CLANG_WARN_DOCUMENTATION_COMMENTS = YES;
				CLANG_WARN_EMPTY_BODY = YES;
				CLANG_WARN_ENUM_CONVERSION = YES;
				CLANG_WARN_INFINITE_RECURSION = YES;
				CLANG_WARN_INT_CONVERSION = YES;
				CLANG_WARN_NON_LITERAL_NULL_CONVERSION = YES;
				CLANG_WARN_OBJC_IMPLICIT_RETAIN_SELF = YES;
				CLANG_WARN_OBJC_LITERAL_CONVERSION = YES;
				CLANG_WARN_OBJC_ROOT_CLASS = YES_ERROR;
				CLANG_WARN_RANGE_LOOP_ANALYSIS = YES;
				CLANG_WARN_STRICT_PROTOTYPES = YES;
				CLANG_WARN_SUSPICIOUS_MOVE = YES;
				CLANG_WARN_UNGUARDED_AVAILABILITY = YES_AGGRESSIVE;
				CLANG_WARN_UNREACHABLE_CODE = YES;
				CLANG_WARN__DUPLICATE_METHOD_MATCH = YES;
				COPY_PHASE_STRIP = NO;
				DEBUG_INFORMATION_FORMAT = dwarf;
				ENABLE_STRICT_OBJC_MSGSEND = YES;
				ENABLE_TESTABILITY = YES;
				GCC_C_LANGUAGE_STANDARD = gnu11;
				GCC_DYNAMIC_NO_PIC = NO;
				GCC_NO_COMMON_BLOCKS = YES;
				GCC_OPTIMIZATION_LEVEL = 0;
				GCC_PREPROCESSOR_DEFINITIONS = (
					"DEBUG=1",
					"$(inherited)",
				);
				GCC_WARN_64_TO_32_BIT_CONVERSION = YES;
				GCC_WARN_ABOUT_RETURN_TYPE = YES_ERROR;
				GCC_WARN_UNDECLARED_SELECTOR = YES;
				GCC_WARN_UNINITIALIZED_AUTOS = YES_AGGRESSIVE;
				GCC_WARN_UNUSED_FUNCTION = YES;
				GCC_WARN_UNUSED_VARIABLE = YES;
				IPHONEOS_DEPLOYMENT_TARGET = 13.2;
				MTL_ENABLE_DEBUG_INFO = INCLUDE_SOURCE;
				MTL_FAST_MATH = YES;
				ONLY_ACTIVE_ARCH = YES;
				SDKROOT = iphoneos;
				SWIFT_ACTIVE_COMPILATION_CONDITIONS = DEBUG;
				SWIFT_OPTIMIZATION_LEVEL = "-Onone";
			};
			name = Debug;
		};
		F537967D23E2001A00CD57C6 /* Release */ = {
			isa = XCBuildConfiguration;
			buildSettings = {
				ALWAYS_SEARCH_USER_PATHS = NO;
				CLANG_ANALYZER_NONNULL = YES;
				CLANG_ANALYZER_NUMBER_OBJECT_CONVERSION = YES_AGGRESSIVE;
				CLANG_CXX_LANGUAGE_STANDARD = "gnu++14";
				CLANG_CXX_LIBRARY = "libc++";
				CLANG_ENABLE_MODULES = YES;
				CLANG_ENABLE_OBJC_ARC = YES;
				CLANG_ENABLE_OBJC_WEAK = YES;
				CLANG_WARN_BLOCK_CAPTURE_AUTORELEASING = YES;
				CLANG_WARN_BOOL_CONVERSION = YES;
				CLANG_WARN_COMMA = YES;
				CLANG_WARN_CONSTANT_CONVERSION = YES;
				CLANG_WARN_DEPRECATED_OBJC_IMPLEMENTATIONS = YES;
				CLANG_WARN_DIRECT_OBJC_ISA_USAGE = YES_ERROR;
				CLANG_WARN_DOCUMENTATION_COMMENTS = YES;
				CLANG_WARN_EMPTY_BODY = YES;
				CLANG_WARN_ENUM_CONVERSION = YES;
				CLANG_WARN_INFINITE_RECURSION = YES;
				CLANG_WARN_INT_CONVERSION = YES;
				CLANG_WARN_NON_LITERAL_NULL_CONVERSION = YES;
				CLANG_WARN_OBJC_IMPLICIT_RETAIN_SELF = YES;
				CLANG_WARN_OBJC_LITERAL_CONVERSION = YES;
				CLANG_WARN_OBJC_ROOT_CLASS = YES_ERROR;
				CLANG_WARN_RANGE_LOOP_ANALYSIS = YES;
				CLANG_WARN_STRICT_PROTOTYPES = YES;
				CLANG_WARN_SUSPICIOUS_MOVE = YES;
				CLANG_WARN_UNGUARDED_AVAILABILITY = YES_AGGRESSIVE;
				CLANG_WARN_UNREACHABLE_CODE = YES;
				CLANG_WARN__DUPLICATE_METHOD_MATCH = YES;
				COPY_PHASE_STRIP = NO;
				DEBUG_INFORMATION_FORMAT = "dwarf-with-dsym";
				ENABLE_NS_ASSERTIONS = NO;
				ENABLE_STRICT_OBJC_MSGSEND = YES;
				GCC_C_LANGUAGE_STANDARD = gnu11;
				GCC_NO_COMMON_BLOCKS = YES;
				GCC_WARN_64_TO_32_BIT_CONVERSION = YES;
				GCC_WARN_ABOUT_RETURN_TYPE = YES_ERROR;
				GCC_WARN_UNDECLARED_SELECTOR = YES;
				GCC_WARN_UNINITIALIZED_AUTOS = YES_AGGRESSIVE;
				GCC_WARN_UNUSED_FUNCTION = YES;
				GCC_WARN_UNUSED_VARIABLE = YES;
				IPHONEOS_DEPLOYMENT_TARGET = 13.2;
				MTL_ENABLE_DEBUG_INFO = NO;
				MTL_FAST_MATH = YES;
				SDKROOT = iphoneos;
				SWIFT_COMPILATION_MODE = wholemodule;
				SWIFT_OPTIMIZATION_LEVEL = "-O";
				VALIDATE_PRODUCT = YES;
			};
			name = Release;
		};
		F537967F23E2001A00CD57C6 /* Debug */ = {
			isa = XCBuildConfiguration;
			baseConfigurationReference = 46E766EB73C3441587DF5012 /* Pods-Bcode.debug.xcconfig */;
			buildSettings = {
				ASSETCATALOG_COMPILER_APPICON_NAME = AppIcon;
				CODE_SIGN_STYLE = Automatic;
				DEVELOPMENT_TEAM = B7772T4P58;
				INFOPLIST_FILE = Bcode/Info.plist;
				LD_RUNPATH_SEARCH_PATHS = (
					"$(inherited)",
					"@executable_path/Frameworks",
				);
				MARKETING_VERSION = 0.2;
				PRODUCT_BUNDLE_IDENTIFIER = ahmedabdelkarim.apps.Bcode;
				PRODUCT_NAME = Bcode;
				SWIFT_VERSION = 5.0;
				TARGETED_DEVICE_FAMILY = "1,2";
			};
			name = Debug;
		};
		F537968023E2001A00CD57C6 /* Release */ = {
			isa = XCBuildConfiguration;
			baseConfigurationReference = 6C1B7217466F4233CC17F8B5 /* Pods-Bcode.release.xcconfig */;
			buildSettings = {
				ASSETCATALOG_COMPILER_APPICON_NAME = AppIcon;
				CODE_SIGN_STYLE = Automatic;
				DEVELOPMENT_TEAM = B7772T4P58;
				INFOPLIST_FILE = Bcode/Info.plist;
				LD_RUNPATH_SEARCH_PATHS = (
					"$(inherited)",
					"@executable_path/Frameworks",
				);
				MARKETING_VERSION = 0.2;
				PRODUCT_BUNDLE_IDENTIFIER = ahmedabdelkarim.apps.Bcode;
				PRODUCT_NAME = Bcode;
				SWIFT_VERSION = 5.0;
				TARGETED_DEVICE_FAMILY = "1,2";
			};
			name = Release;
		};
/* End XCBuildConfiguration section */

/* Begin XCConfigurationList section */
		F537966523E2001900CD57C6 /* Build configuration list for PBXProject "Bcode" */ = {
			isa = XCConfigurationList;
			buildConfigurations = (
				F537967C23E2001A00CD57C6 /* Debug */,
				F537967D23E2001A00CD57C6 /* Release */,
			);
			defaultConfigurationIsVisible = 0;
			defaultConfigurationName = Release;
		};
		F537967E23E2001A00CD57C6 /* Build configuration list for PBXNativeTarget "Bcode" */ = {
			isa = XCConfigurationList;
			buildConfigurations = (
				F537967F23E2001A00CD57C6 /* Debug */,
				F537968023E2001A00CD57C6 /* Release */,
			);
			defaultConfigurationIsVisible = 0;
			defaultConfigurationName = Release;
		};
/* End XCConfigurationList section */
	};
	rootObject = F537966223E2001900CD57C6 /* Project object */;
}
